// !$*UTF8*$!
{
	archiveVersion = 1;
	classes = {
	};
	objectVersion = 56;
	objects = {

/* Begin PBXBuildFile section */
		687E86A32A96067D00D5E34F /* PlayerControlView.swift in Sources */ = {isa = PBXBuildFile; fileRef = 687E86A22A96067D00D5E34F /* PlayerControlView.swift */; };
		687E86A52A967D5400D5E34F /* MenuItems.swift in Sources */ = {isa = PBXBuildFile; fileRef = 687E86A42A967D5400D5E34F /* MenuItems.swift */; };
		687E86A72A967D8E00D5E34F /* MenuView.swift in Sources */ = {isa = PBXBuildFile; fileRef = 687E86A62A967D8E00D5E34F /* MenuView.swift */; };
		687E86AA2A967DE300D5E34F /* SafariView.swift in Sources */ = {isa = PBXBuildFile; fileRef = 687E86A92A967DE300D5E34F /* SafariView.swift */; };
		68A86CEF2AA87831006F203D /* SplashView.swift in Sources */ = {isa = PBXBuildFile; fileRef = 68A86CEE2AA87831006F203D /* SplashView.swift */; };
		D028B6352A51BA5900526A21 /* FRadioPlayer in Frameworks */ = {isa = PBXBuildFile; productRef = D028B6342A51BA5900526A21 /* FRadioPlayer */; };
		D06694282911920200A521F6 /* AboutView.swift in Sources */ = {isa = PBXBuildFile; fileRef = D06694272911920200A521F6 /* AboutView.swift */; };
		D066942A2911948700A521F6 /* ShareView.swift in Sources */ = {isa = PBXBuildFile; fileRef = D06694292911948700A521F6 /* ShareView.swift */; };
		D06C3CA72913D41D004ACB1E /* BuzzCarPlayManager.swift in Sources */ = {isa = PBXBuildFile; fileRef = D06C3CA62913D41D004ACB1E /* BuzzCarPlayManager.swift */; };
		D06C3CA92913D76B004ACB1E /* CarPlayApplicationSceneDelegate.swift in Sources */ = {isa = PBXBuildFile; fileRef = D06C3CA82913D76B004ACB1E /* CarPlayApplicationSceneDelegate.swift */; };
		D06C3CAC2913D914004ACB1E /* CarPlay.framework in Frameworks */ = {isa = PBXBuildFile; fileRef = D06C3CAB2913D913004ACB1E /* CarPlay.framework */; };
		D06C3CAE2913D97F004ACB1E /* Entitlements.plist in Resources */ = {isa = PBXBuildFile; fileRef = D06C3CAD2913D97F004ACB1E /* Entitlements.plist */; };
		D08F9096291D408F000225C2 /* BuzzzUITests.swift in Sources */ = {isa = PBXBuildFile; fileRef = D08F9095291D408F000225C2 /* BuzzzUITests.swift */; };
		D08F9098291D408F000225C2 /* BuzzzUITestsLaunchTests.swift in Sources */ = {isa = PBXBuildFile; fileRef = D08F9097291D408F000225C2 /* BuzzzUITestsLaunchTests.swift */; };
		D08F90A1291D43D9000225C2 /* SnapshotHelper.swift in Sources */ = {isa = PBXBuildFile; fileRef = D08F90A0291D43D9000225C2 /* SnapshotHelper.swift */; };
		D0BD585D29112E2400E77EA2 /* BuzzzApp.swift in Sources */ = {isa = PBXBuildFile; fileRef = D0BD585C29112E2400E77EA2 /* BuzzzApp.swift */; };
		D0BD585F29112E2400E77EA2 /* ContentView.swift in Sources */ = {isa = PBXBuildFile; fileRef = D0BD585E29112E2400E77EA2 /* ContentView.swift */; };
		D0BD586129112E2600E77EA2 /* Assets.xcassets in Resources */ = {isa = PBXBuildFile; fileRef = D0BD586029112E2600E77EA2 /* Assets.xcassets */; };
		D0BD586429112E2600E77EA2 /* Preview Assets.xcassets in Resources */ = {isa = PBXBuildFile; fileRef = D0BD586329112E2600E77EA2 /* Preview Assets.xcassets */; };
		D0BD586E29112E5B00E77EA2 /* PlayerViewModel.swift in Sources */ = {isa = PBXBuildFile; fileRef = D0BD586D29112E5B00E77EA2 /* PlayerViewModel.swift */; };
		D0BD587029112EBE00E77EA2 /* TrackModel.swift in Sources */ = {isa = PBXBuildFile; fileRef = D0BD586F29112EBE00E77EA2 /* TrackModel.swift */; };
		D0BD587229112ECB00E77EA2 /* StationModel.swift in Sources */ = {isa = PBXBuildFile; fileRef = D0BD587129112ECB00E77EA2 /* StationModel.swift */; };
		D0BD587529112F6200E77EA2 /* SDWebImageSwiftUI in Frameworks */ = {isa = PBXBuildFile; productRef = D0BD587429112F6200E77EA2 /* SDWebImageSwiftUI */; };
		D0BD58792911300A00E77EA2 /* Config.swift in Sources */ = {isa = PBXBuildFile; fileRef = D0BD58782911300A00E77EA2 /* Config.swift */; };
		D0BD587B2911303300E77EA2 /* Modifers.swift in Sources */ = {isa = PBXBuildFile; fileRef = D0BD587A2911303300E77EA2 /* Modifers.swift */; };
		D0BD587D2911304200E77EA2 /* Extensions.swift in Sources */ = {isa = PBXBuildFile; fileRef = D0BD587C2911304200E77EA2 /* Extensions.swift */; };
		D0BD587F2911306200E77EA2 /* FRadioAPI.swift in Sources */ = {isa = PBXBuildFile; fileRef = D0BD587E2911306200E77EA2 /* FRadioAPI.swift */; };
		D0BD58812911307500E77EA2 /* SocialActions.swift in Sources */ = {isa = PBXBuildFile; fileRef = D0BD58802911307500E77EA2 /* SocialActions.swift */; };
		D0BD58832911308800E77EA2 /* VolumeSlider.swift in Sources */ = {isa = PBXBuildFile; fileRef = D0BD58822911308800E77EA2 /* VolumeSlider.swift */; };
		D0BD58852911309800E77EA2 /* AssestHelper.swift in Sources */ = {isa = PBXBuildFile; fileRef = D0BD58842911309800E77EA2 /* AssestHelper.swift */; };
		D0BD58882911314B00E77EA2 /* StationListView.swift in Sources */ = {isa = PBXBuildFile; fileRef = D0BD58872911314B00E77EA2 /* StationListView.swift */; };
		D0BD588B2911317800E77EA2 /* PlayerView.swift in Sources */ = {isa = PBXBuildFile; fileRef = D0BD588A2911317800E77EA2 /* PlayerView.swift */; };
		D0BD588E291131C600E77EA2 /* PlayButton.swift in Sources */ = {isa = PBXBuildFile; fileRef = D0BD588D291131C600E77EA2 /* PlayButton.swift */; };
		D0BD5890291131DC00E77EA2 /* ShareButton.swift in Sources */ = {isa = PBXBuildFile; fileRef = D0BD588F291131DC00E77EA2 /* ShareButton.swift */; };
		D0BD5892291131F300E77EA2 /* InfoButton.swift in Sources */ = {isa = PBXBuildFile; fileRef = D0BD5891291131F300E77EA2 /* InfoButton.swift */; };
		D0BD58942911325300E77EA2 /* ActivityIndicator.swift in Sources */ = {isa = PBXBuildFile; fileRef = D0BD58932911325300E77EA2 /* ActivityIndicator.swift */; };
		D0BD58962911326000E77EA2 /* ImageLoader.swift in Sources */ = {isa = PBXBuildFile; fileRef = D0BD58952911326000E77EA2 /* ImageLoader.swift */; };
		D0BD58992911344500E77EA2 /* StationViewRow.swift in Sources */ = {isa = PBXBuildFile; fileRef = D0BD58982911344500E77EA2 /* StationViewRow.swift */; };
/* End PBXBuildFile section */

/* Begin PBXContainerItemProxy section */
		D08F9099291D408F000225C2 /* PBXContainerItemProxy */ = {
			isa = PBXContainerItemProxy;
			containerPortal = D0BD585129112E2400E77EA2 /* Project object */;
			proxyType = 1;
			remoteGlobalIDString = D0BD585829112E2400E77EA2;
			remoteInfo = Buzzz;
		};
/* End PBXContainerItemProxy section */

/* Begin PBXFileReference section */
		687E86A22A96067D00D5E34F /* PlayerControlView.swift */ = {isa = PBXFileReference; lastKnownFileType = sourcecode.swift; path = PlayerControlView.swift; sourceTree = "<group>"; };
		687E86A42A967D5400D5E34F /* MenuItems.swift */ = {isa = PBXFileReference; lastKnownFileType = sourcecode.swift; path = MenuItems.swift; sourceTree = "<group>"; };
		687E86A62A967D8E00D5E34F /* MenuView.swift */ = {isa = PBXFileReference; lastKnownFileType = sourcecode.swift; path = MenuView.swift; sourceTree = "<group>"; };
		687E86A92A967DE300D5E34F /* SafariView.swift */ = {isa = PBXFileReference; lastKnownFileType = sourcecode.swift; path = SafariView.swift; sourceTree = "<group>"; };
		68A86CEE2AA87831006F203D /* SplashView.swift */ = {isa = PBXFileReference; lastKnownFileType = sourcecode.swift; path = SplashView.swift; sourceTree = "<group>"; };
		D066942629118E4600A521F6 /* Info.plist */ = {isa = PBXFileReference; lastKnownFileType = text.plist; path = Info.plist; sourceTree = "<group>"; };
		D06694272911920200A521F6 /* AboutView.swift */ = {isa = PBXFileReference; lastKnownFileType = sourcecode.swift; path = AboutView.swift; sourceTree = "<group>"; };
		D06694292911948700A521F6 /* ShareView.swift */ = {isa = PBXFileReference; lastKnownFileType = sourcecode.swift; path = ShareView.swift; sourceTree = "<group>"; };
		D06C3CA62913D41D004ACB1E /* BuzzCarPlayManager.swift */ = {isa = PBXFileReference; lastKnownFileType = sourcecode.swift; path = BuzzCarPlayManager.swift; sourceTree = "<group>"; };
		D06C3CA82913D76B004ACB1E /* CarPlayApplicationSceneDelegate.swift */ = {isa = PBXFileReference; lastKnownFileType = sourcecode.swift; path = CarPlayApplicationSceneDelegate.swift; sourceTree = "<group>"; };
		D06C3CAB2913D913004ACB1E /* CarPlay.framework */ = {isa = PBXFileReference; lastKnownFileType = wrapper.framework; name = CarPlay.framework; path = System/Library/Frameworks/CarPlay.framework; sourceTree = SDKROOT; };
		D06C3CAD2913D97F004ACB1E /* Entitlements.plist */ = {isa = PBXFileReference; lastKnownFileType = text.plist.xml; path = Entitlements.plist; sourceTree = "<group>"; };
		D08F9093291D408F000225C2 /* BuzzzUITests.xctest */ = {isa = PBXFileReference; explicitFileType = wrapper.cfbundle; includeInIndex = 0; path = BuzzzUITests.xctest; sourceTree = BUILT_PRODUCTS_DIR; };
		D08F9095291D408F000225C2 /* BuzzzUITests.swift */ = {isa = PBXFileReference; lastKnownFileType = sourcecode.swift; path = BuzzzUITests.swift; sourceTree = "<group>"; };
		D08F9097291D408F000225C2 /* BuzzzUITestsLaunchTests.swift */ = {isa = PBXFileReference; lastKnownFileType = sourcecode.swift; path = BuzzzUITestsLaunchTests.swift; sourceTree = "<group>"; };
		D08F90A0291D43D9000225C2 /* SnapshotHelper.swift */ = {isa = PBXFileReference; fileEncoding = 4; lastKnownFileType = sourcecode.swift; path = SnapshotHelper.swift; sourceTree = SOURCE_ROOT; };
		D0BD585929112E2400E77EA2 /* Buzzz.app */ = {isa = PBXFileReference; explicitFileType = wrapper.application; includeInIndex = 0; path = Buzzz.app; sourceTree = BUILT_PRODUCTS_DIR; };
		D0BD585C29112E2400E77EA2 /* BuzzzApp.swift */ = {isa = PBXFileReference; lastKnownFileType = sourcecode.swift; path = BuzzzApp.swift; sourceTree = "<group>"; };
		D0BD585E29112E2400E77EA2 /* ContentView.swift */ = {isa = PBXFileReference; lastKnownFileType = sourcecode.swift; path = ContentView.swift; sourceTree = "<group>"; };
		D0BD586029112E2600E77EA2 /* Assets.xcassets */ = {isa = PBXFileReference; lastKnownFileType = folder.assetcatalog; path = Assets.xcassets; sourceTree = "<group>"; };
		D0BD586329112E2600E77EA2 /* Preview Assets.xcassets */ = {isa = PBXFileReference; lastKnownFileType = folder.assetcatalog; path = "Preview Assets.xcassets"; sourceTree = "<group>"; };
		D0BD586D29112E5B00E77EA2 /* PlayerViewModel.swift */ = {isa = PBXFileReference; lastKnownFileType = sourcecode.swift; path = PlayerViewModel.swift; sourceTree = "<group>"; };
		D0BD586F29112EBE00E77EA2 /* TrackModel.swift */ = {isa = PBXFileReference; lastKnownFileType = sourcecode.swift; path = TrackModel.swift; sourceTree = "<group>"; };
		D0BD587129112ECB00E77EA2 /* StationModel.swift */ = {isa = PBXFileReference; lastKnownFileType = sourcecode.swift; path = StationModel.swift; sourceTree = "<group>"; };
		D0BD58782911300A00E77EA2 /* Config.swift */ = {isa = PBXFileReference; lastKnownFileType = sourcecode.swift; path = Config.swift; sourceTree = "<group>"; };
		D0BD587A2911303300E77EA2 /* Modifers.swift */ = {isa = PBXFileReference; lastKnownFileType = sourcecode.swift; path = Modifers.swift; sourceTree = "<group>"; };
		D0BD587C2911304200E77EA2 /* Extensions.swift */ = {isa = PBXFileReference; lastKnownFileType = sourcecode.swift; path = Extensions.swift; sourceTree = "<group>"; };
		D0BD587E2911306200E77EA2 /* FRadioAPI.swift */ = {isa = PBXFileReference; lastKnownFileType = sourcecode.swift; path = FRadioAPI.swift; sourceTree = "<group>"; };
		D0BD58802911307500E77EA2 /* SocialActions.swift */ = {isa = PBXFileReference; lastKnownFileType = sourcecode.swift; path = SocialActions.swift; sourceTree = "<group>"; };
		D0BD58822911308800E77EA2 /* VolumeSlider.swift */ = {isa = PBXFileReference; lastKnownFileType = sourcecode.swift; path = VolumeSlider.swift; sourceTree = "<group>"; };
		D0BD58842911309800E77EA2 /* AssestHelper.swift */ = {isa = PBXFileReference; lastKnownFileType = sourcecode.swift; path = AssestHelper.swift; sourceTree = "<group>"; };
		D0BD58872911314B00E77EA2 /* StationListView.swift */ = {isa = PBXFileReference; lastKnownFileType = sourcecode.swift; path = StationListView.swift; sourceTree = "<group>"; };
		D0BD588A2911317800E77EA2 /* PlayerView.swift */ = {isa = PBXFileReference; lastKnownFileType = sourcecode.swift; path = PlayerView.swift; sourceTree = "<group>"; };
		D0BD588D291131C600E77EA2 /* PlayButton.swift */ = {isa = PBXFileReference; lastKnownFileType = sourcecode.swift; path = PlayButton.swift; sourceTree = "<group>"; };
		D0BD588F291131DC00E77EA2 /* ShareButton.swift */ = {isa = PBXFileReference; lastKnownFileType = sourcecode.swift; path = ShareButton.swift; sourceTree = "<group>"; };
		D0BD5891291131F300E77EA2 /* InfoButton.swift */ = {isa = PBXFileReference; lastKnownFileType = sourcecode.swift; path = InfoButton.swift; sourceTree = "<group>"; };
		D0BD58932911325300E77EA2 /* ActivityIndicator.swift */ = {isa = PBXFileReference; lastKnownFileType = sourcecode.swift; path = ActivityIndicator.swift; sourceTree = "<group>"; };
		D0BD58952911326000E77EA2 /* ImageLoader.swift */ = {isa = PBXFileReference; lastKnownFileType = sourcecode.swift; path = ImageLoader.swift; sourceTree = "<group>"; };
		D0BD58982911344500E77EA2 /* StationViewRow.swift */ = {isa = PBXFileReference; lastKnownFileType = sourcecode.swift; path = StationViewRow.swift; sourceTree = "<group>"; };
/* End PBXFileReference section */

/* Begin PBXFrameworksBuildPhase section */
		D08F9090291D408F000225C2 /* Frameworks */ = {
			isa = PBXFrameworksBuildPhase;
			buildActionMask = 2147483647;
			files = (
			);
			runOnlyForDeploymentPostprocessing = 0;
		};
		D0BD585629112E2400E77EA2 /* Frameworks */ = {
			isa = PBXFrameworksBuildPhase;
			buildActionMask = 2147483647;
			files = (
				D0BD587529112F6200E77EA2 /* SDWebImageSwiftUI in Frameworks */,
				D06C3CAC2913D914004ACB1E /* CarPlay.framework in Frameworks */,
				D028B6352A51BA5900526A21 /* FRadioPlayer in Frameworks */,
			);
			runOnlyForDeploymentPostprocessing = 0;
		};
/* End PBXFrameworksBuildPhase section */

/* Begin PBXGroup section */
		687E869F2A9604ED00D5E34F /* MenuView */ = {
			isa = PBXGroup;
			children = (
				687E86A42A967D5400D5E34F /* MenuItems.swift */,
				687E86A62A967D8E00D5E34F /* MenuView.swift */,
			);
			path = MenuView;
			sourceTree = "<group>";
		};
		687E86A82A967DD000D5E34F /* SafariView */ = {
			isa = PBXGroup;
			children = (
				687E86A92A967DE300D5E34F /* SafariView.swift */,
			);
			path = SafariView;
			sourceTree = "<group>";
		};
		D06C3CA52913D38A004ACB1E /* CarPlay */ = {
			isa = PBXGroup;
			children = (
				D06C3CA62913D41D004ACB1E /* BuzzCarPlayManager.swift */,
				D06C3CA82913D76B004ACB1E /* CarPlayApplicationSceneDelegate.swift */,
			);
			path = CarPlay;
			sourceTree = "<group>";
		};
		D06C3CAA2913D913004ACB1E /* Frameworks */ = {
			isa = PBXGroup;
			children = (
				D06C3CAB2913D913004ACB1E /* CarPlay.framework */,
			);
			name = Frameworks;
			sourceTree = "<group>";
		};
		D08F9094291D408F000225C2 /* BuzzzUITests */ = {
			isa = PBXGroup;
			children = (
				D08F90A0291D43D9000225C2 /* SnapshotHelper.swift */,
				D08F9095291D408F000225C2 /* BuzzzUITests.swift */,
				D08F9097291D408F000225C2 /* BuzzzUITestsLaunchTests.swift */,
			);
			path = BuzzzUITests;
			sourceTree = "<group>";
		};
		D0BD585029112E2400E77EA2 = {
			isa = PBXGroup;
			children = (
				D0BD585B29112E2400E77EA2 /* Buzzz */,
				D08F9094291D408F000225C2 /* BuzzzUITests */,
				D0BD585A29112E2400E77EA2 /* Products */,
				D06C3CAA2913D913004ACB1E /* Frameworks */,
			);
			sourceTree = "<group>";
		};
		D0BD585A29112E2400E77EA2 /* Products */ = {
			isa = PBXGroup;
			children = (
				D0BD585929112E2400E77EA2 /* Buzzz.app */,
				D08F9093291D408F000225C2 /* BuzzzUITests.xctest */,
			);
			name = Products;
			sourceTree = "<group>";
		};
		D0BD585B29112E2400E77EA2 /* Buzzz */ = {
			isa = PBXGroup;
			children = (
				D06C3CA52913D38A004ACB1E /* CarPlay */,
				D066942629118E4600A521F6 /* Info.plist */,
				D0BD587629112FE800E77EA2 /* Utils */,
				D0BD586C29112E4300E77EA2 /* Views */,
				D0BD586B29112E3A00E77EA2 /* Models */,
				D0BD586A29112E3100E77EA2 /* ViewModels */,
				D0BD585C29112E2400E77EA2 /* BuzzzApp.swift */,
				D0BD585E29112E2400E77EA2 /* ContentView.swift */,
				D0BD586029112E2600E77EA2 /* Assets.xcassets */,
				D0BD586229112E2600E77EA2 /* Preview Content */,
				D06C3CAD2913D97F004ACB1E /* Entitlements.plist */,
			);
			path = Buzzz;
			sourceTree = "<group>";
		};
		D0BD586229112E2600E77EA2 /* Preview Content */ = {
			isa = PBXGroup;
			children = (
				D0BD586329112E2600E77EA2 /* Preview Assets.xcassets */,
			);
			path = "Preview Content";
			sourceTree = "<group>";
		};
		D0BD586A29112E3100E77EA2 /* ViewModels */ = {
			isa = PBXGroup;
			children = (
				D0BD586D29112E5B00E77EA2 /* PlayerViewModel.swift */,
			);
			path = ViewModels;
			sourceTree = "<group>";
		};
		D0BD586B29112E3A00E77EA2 /* Models */ = {
			isa = PBXGroup;
			children = (
				D0BD586F29112EBE00E77EA2 /* TrackModel.swift */,
				D0BD587129112ECB00E77EA2 /* StationModel.swift */,
			);
			path = Models;
			sourceTree = "<group>";
		};
		D0BD586C29112E4300E77EA2 /* Views */ = {
			isa = PBXGroup;
			children = (
				687E86A82A967DD000D5E34F /* SafariView */,
				687E869F2A9604ED00D5E34F /* MenuView */,
				D0BD58972911337400E77EA2 /* PlayerView */,
				D0BD58892911316900E77EA2 /* SubViews */,
				D0BD58862911313700E77EA2 /* StationListView */,
				D06694272911920200A521F6 /* AboutView.swift */,
				68A86CEE2AA87831006F203D /* SplashView.swift */,
			);
			path = Views;
			sourceTree = "<group>";
		};
		D0BD587629112FE800E77EA2 /* Utils */ = {
			isa = PBXGroup;
			children = (
				D0BD587729112FF400E77EA2 /* Helpers */,
				D0BD58782911300A00E77EA2 /* Config.swift */,
			);
			path = Utils;
			sourceTree = "<group>";
		};
		D0BD587729112FF400E77EA2 /* Helpers */ = {
			isa = PBXGroup;
			children = (
				D0BD587A2911303300E77EA2 /* Modifers.swift */,
				D0BD587C2911304200E77EA2 /* Extensions.swift */,
				D0BD587E2911306200E77EA2 /* FRadioAPI.swift */,
				D0BD58802911307500E77EA2 /* SocialActions.swift */,
				D0BD58822911308800E77EA2 /* VolumeSlider.swift */,
				D0BD58842911309800E77EA2 /* AssestHelper.swift */,
			);
			path = Helpers;
			sourceTree = "<group>";
		};
		D0BD58862911313700E77EA2 /* StationListView */ = {
			isa = PBXGroup;
			children = (
				D0BD58872911314B00E77EA2 /* StationListView.swift */,
			);
			path = StationListView;
			sourceTree = "<group>";
		};
		D0BD58892911316900E77EA2 /* SubViews */ = {
			isa = PBXGroup;
			children = (
				D0BD588C291131B300E77EA2 /* ButtonsView */,
				D0BD58932911325300E77EA2 /* ActivityIndicator.swift */,
				D0BD58952911326000E77EA2 /* ImageLoader.swift */,
				D0BD58982911344500E77EA2 /* StationViewRow.swift */,
				D06694292911948700A521F6 /* ShareView.swift */,
			);
			path = SubViews;
			sourceTree = "<group>";
		};
		D0BD588C291131B300E77EA2 /* ButtonsView */ = {
			isa = PBXGroup;
			children = (
				D0BD588D291131C600E77EA2 /* PlayButton.swift */,
				D0BD588F291131DC00E77EA2 /* ShareButton.swift */,
				D0BD5891291131F300E77EA2 /* InfoButton.swift */,
			);
			path = ButtonsView;
			sourceTree = "<group>";
		};
		D0BD58972911337400E77EA2 /* PlayerView */ = {
			isa = PBXGroup;
			children = (
				D0BD588A2911317800E77EA2 /* PlayerView.swift */,
				687E86A22A96067D00D5E34F /* PlayerControlView.swift */,
			);
			path = PlayerView;
			sourceTree = "<group>";
		};
/* End PBXGroup section */

/* Begin PBXNativeTarget section */
		D08F9092291D408F000225C2 /* BuzzzUITests */ = {
			isa = PBXNativeTarget;
			buildConfigurationList = D08F909D291D408F000225C2 /* Build configuration list for PBXNativeTarget "BuzzzUITests" */;
			buildPhases = (
				D08F908F291D408F000225C2 /* Sources */,
				D08F9090291D408F000225C2 /* Frameworks */,
				D08F9091291D408F000225C2 /* Resources */,
			);
			buildRules = (
			);
			dependencies = (
				D08F909A291D408F000225C2 /* PBXTargetDependency */,
			);
			name = BuzzzUITests;
			productName = BuzzzUITests;
			productReference = D08F9093291D408F000225C2 /* BuzzzUITests.xctest */;
			productType = "com.apple.product-type.bundle.ui-testing";
		};
		D0BD585829112E2400E77EA2 /* Buzzz */ = {
			isa = PBXNativeTarget;
			buildConfigurationList = D0BD586729112E2600E77EA2 /* Build configuration list for PBXNativeTarget "Buzzz" */;
			buildPhases = (
				D0BD585529112E2400E77EA2 /* Sources */,
				D0BD585629112E2400E77EA2 /* Frameworks */,
				D0BD585729112E2400E77EA2 /* Resources */,
			);
			buildRules = (
			);
			dependencies = (
			);
			name = Buzzz;
			packageProductDependencies = (
				D0BD587429112F6200E77EA2 /* SDWebImageSwiftUI */,
				D028B6342A51BA5900526A21 /* FRadioPlayer */,
			);
			productName = Buzzz;
			productReference = D0BD585929112E2400E77EA2 /* Buzzz.app */;
			productType = "com.apple.product-type.application";
		};
/* End PBXNativeTarget section */

/* Begin PBXProject section */
		D0BD585129112E2400E77EA2 /* Project object */ = {
			isa = PBXProject;
			attributes = {
				BuildIndependentTargetsInParallel = 1;
				LastSwiftUpdateCheck = 1400;
				LastUpgradeCheck = 1400;
				TargetAttributes = {
					D08F9092291D408F000225C2 = {
						CreatedOnToolsVersion = 14.0;
						TestTargetID = D0BD585829112E2400E77EA2;
					};
					D0BD585829112E2400E77EA2 = {
						CreatedOnToolsVersion = 14.0;
					};
				};
			};
			buildConfigurationList = D0BD585429112E2400E77EA2 /* Build configuration list for PBXProject "Buzzz" */;
			compatibilityVersion = "Xcode 14.0";
			developmentRegion = en;
			hasScannedForEncodings = 0;
			knownRegions = (
				en,
				Base,
			);
			mainGroup = D0BD585029112E2400E77EA2;
			packageReferences = (
				D0BD587329112F6200E77EA2 /* XCRemoteSwiftPackageReference "SDWebImageSwiftUI" */,
				D028B6332A51BA5900526A21 /* XCRemoteSwiftPackageReference "FRadioPlayer" */,
			);
			productRefGroup = D0BD585A29112E2400E77EA2 /* Products */;
			projectDirPath = "";
			projectRoot = "";
			targets = (
				D0BD585829112E2400E77EA2 /* Buzzz */,
				D08F9092291D408F000225C2 /* BuzzzUITests */,
			);
		};
/* End PBXProject section */

/* Begin PBXResourcesBuildPhase section */
		D08F9091291D408F000225C2 /* Resources */ = {
			isa = PBXResourcesBuildPhase;
			buildActionMask = 2147483647;
			files = (
			);
			runOnlyForDeploymentPostprocessing = 0;
		};
		D0BD585729112E2400E77EA2 /* Resources */ = {
			isa = PBXResourcesBuildPhase;
			buildActionMask = 2147483647;
			files = (
				D06C3CAE2913D97F004ACB1E /* Entitlements.plist in Resources */,
				D0BD586429112E2600E77EA2 /* Preview Assets.xcassets in Resources */,
				D0BD586129112E2600E77EA2 /* Assets.xcassets in Resources */,
			);
			runOnlyForDeploymentPostprocessing = 0;
		};
/* End PBXResourcesBuildPhase section */

/* Begin PBXSourcesBuildPhase section */
		D08F908F291D408F000225C2 /* Sources */ = {
			isa = PBXSourcesBuildPhase;
			buildActionMask = 2147483647;
			files = (
				D08F9098291D408F000225C2 /* BuzzzUITestsLaunchTests.swift in Sources */,
				D08F9096291D408F000225C2 /* BuzzzUITests.swift in Sources */,
				D08F90A1291D43D9000225C2 /* SnapshotHelper.swift in Sources */,
			);
			runOnlyForDeploymentPostprocessing = 0;
		};
		D0BD585529112E2400E77EA2 /* Sources */ = {
			isa = PBXSourcesBuildPhase;
			buildActionMask = 2147483647;
			files = (
				D0BD58992911344500E77EA2 /* StationViewRow.swift in Sources */,
				687E86A32A96067D00D5E34F /* PlayerControlView.swift in Sources */,
				D06694282911920200A521F6 /* AboutView.swift in Sources */,
				D066942A2911948700A521F6 /* ShareView.swift in Sources */,
				D0BD586E29112E5B00E77EA2 /* PlayerViewModel.swift in Sources */,
				D0BD587029112EBE00E77EA2 /* TrackModel.swift in Sources */,
				D0BD58812911307500E77EA2 /* SocialActions.swift in Sources */,
				D0BD587F2911306200E77EA2 /* FRadioAPI.swift in Sources */,
				D0BD58832911308800E77EA2 /* VolumeSlider.swift in Sources */,
				D0BD587B2911303300E77EA2 /* Modifers.swift in Sources */,
				D06C3CA92913D76B004ACB1E /* CarPlayApplicationSceneDelegate.swift in Sources */,
				D0BD58882911314B00E77EA2 /* StationListView.swift in Sources */,
				D0BD587D2911304200E77EA2 /* Extensions.swift in Sources */,
				D0BD587229112ECB00E77EA2 /* StationModel.swift in Sources */,
				D0BD58962911326000E77EA2 /* ImageLoader.swift in Sources */,
				D0BD588B2911317800E77EA2 /* PlayerView.swift in Sources */,
				D0BD5892291131F300E77EA2 /* InfoButton.swift in Sources */,
				D06C3CA72913D41D004ACB1E /* BuzzCarPlayManager.swift in Sources */,
				D0BD58852911309800E77EA2 /* AssestHelper.swift in Sources */,
				D0BD5890291131DC00E77EA2 /* ShareButton.swift in Sources */,
				687E86AA2A967DE300D5E34F /* SafariView.swift in Sources */,
				D0BD588E291131C600E77EA2 /* PlayButton.swift in Sources */,
				D0BD585F29112E2400E77EA2 /* ContentView.swift in Sources */,
				687E86A72A967D8E00D5E34F /* MenuView.swift in Sources */,
				D0BD585D29112E2400E77EA2 /* BuzzzApp.swift in Sources */,
				D0BD58942911325300E77EA2 /* ActivityIndicator.swift in Sources */,
				68A86CEF2AA87831006F203D /* SplashView.swift in Sources */,
				D0BD58792911300A00E77EA2 /* Config.swift in Sources */,
				687E86A52A967D5400D5E34F /* MenuItems.swift in Sources */,
			);
			runOnlyForDeploymentPostprocessing = 0;
		};
/* End PBXSourcesBuildPhase section */

/* Begin PBXTargetDependency section */
		D08F909A291D408F000225C2 /* PBXTargetDependency */ = {
			isa = PBXTargetDependency;
			target = D0BD585829112E2400E77EA2 /* Buzzz */;
			targetProxy = D08F9099291D408F000225C2 /* PBXContainerItemProxy */;
		};
/* End PBXTargetDependency section */

/* Begin XCBuildConfiguration section */
		D08F909B291D408F000225C2 /* Debug */ = {
			isa = XCBuildConfiguration;
			buildSettings = {
				CODE_SIGN_STYLE = Automatic;
				CURRENT_PROJECT_VERSION = 1.2.3;
				DEVELOPMENT_TEAM = 535756UG9P;
				GENERATE_INFOPLIST_FILE = YES;
				MARKETING_VERSION = 1.2.3;
				PRODUCT_BUNDLE_IDENTIFIER = com.iOSAPP.BuzzzUITests;
				PRODUCT_NAME = "$(TARGET_NAME)";
				SWIFT_EMIT_LOC_STRINGS = NO;
				SWIFT_VERSION = 5.0;
				TARGETED_DEVICE_FAMILY = "1,2";
				TEST_TARGET_NAME = Buzzz;
			};
			name = Debug;
		};
		D08F909C291D408F000225C2 /* Release */ = {
			isa = XCBuildConfiguration;
			buildSettings = {
				CODE_SIGN_STYLE = Automatic;
				CURRENT_PROJECT_VERSION = 1.2.3;
				DEVELOPMENT_TEAM = 535756UG9P;
				GENERATE_INFOPLIST_FILE = YES;
				MARKETING_VERSION = 1.2.3;
				PRODUCT_BUNDLE_IDENTIFIER = com.iOSAPP.BuzzzUITests;
				PRODUCT_NAME = "$(TARGET_NAME)";
				SWIFT_EMIT_LOC_STRINGS = NO;
				SWIFT_VERSION = 5.0;
				TARGETED_DEVICE_FAMILY = "1,2";
				TEST_TARGET_NAME = Buzzz;
			};
			name = Release;
		};
		D0BD586529112E2600E77EA2 /* Debug */ = {
			isa = XCBuildConfiguration;
			buildSettings = {
				ALWAYS_SEARCH_USER_PATHS = NO;
				CLANG_ANALYZER_NONNULL = YES;
				CLANG_ANALYZER_NUMBER_OBJECT_CONVERSION = YES_AGGRESSIVE;
				CLANG_CXX_LANGUAGE_STANDARD = "gnu++20";
				CLANG_ENABLE_MODULES = YES;
				CLANG_ENABLE_OBJC_ARC = YES;
				CLANG_ENABLE_OBJC_WEAK = YES;
				CLANG_WARN_BLOCK_CAPTURE_AUTORELEASING = YES;
				CLANG_WARN_BOOL_CONVERSION = YES;
				CLANG_WARN_COMMA = YES;
				CLANG_WARN_CONSTANT_CONVERSION = YES;
				CLANG_WARN_DEPRECATED_OBJC_IMPLEMENTATIONS = YES;
				CLANG_WARN_DIRECT_OBJC_ISA_USAGE = YES_ERROR;
				CLANG_WARN_DOCUMENTATION_COMMENTS = YES;
				CLANG_WARN_EMPTY_BODY = YES;
				CLANG_WARN_ENUM_CONVERSION = YES;
				CLANG_WARN_INFINITE_RECURSION = YES;
				CLANG_WARN_INT_CONVERSION = YES;
				CLANG_WARN_NON_LITERAL_NULL_CONVERSION = YES;
				CLANG_WARN_OBJC_IMPLICIT_RETAIN_SELF = YES;
				CLANG_WARN_OBJC_LITERAL_CONVERSION = YES;
				CLANG_WARN_OBJC_ROOT_CLASS = YES_ERROR;
				CLANG_WARN_QUOTED_INCLUDE_IN_FRAMEWORK_HEADER = YES;
				CLANG_WARN_RANGE_LOOP_ANALYSIS = YES;
				CLANG_WARN_STRICT_PROTOTYPES = YES;
				CLANG_WARN_SUSPICIOUS_MOVE = YES;
				CLANG_WARN_UNGUARDED_AVAILABILITY = YES_AGGRESSIVE;
				CLANG_WARN_UNREACHABLE_CODE = YES;
				CLANG_WARN__DUPLICATE_METHOD_MATCH = YES;
				COPY_PHASE_STRIP = NO;
				DEBUG_INFORMATION_FORMAT = dwarf;
				ENABLE_STRICT_OBJC_MSGSEND = YES;
				ENABLE_TESTABILITY = YES;
				GCC_C_LANGUAGE_STANDARD = gnu11;
				GCC_DYNAMIC_NO_PIC = NO;
				GCC_NO_COMMON_BLOCKS = YES;
				GCC_OPTIMIZATION_LEVEL = 0;
				GCC_PREPROCESSOR_DEFINITIONS = (
					"DEBUG=1",
					"$(inherited)",
				);
				GCC_WARN_64_TO_32_BIT_CONVERSION = YES;
				GCC_WARN_ABOUT_RETURN_TYPE = YES_ERROR;
				GCC_WARN_UNDECLARED_SELECTOR = YES;
				GCC_WARN_UNINITIALIZED_AUTOS = YES_AGGRESSIVE;
				GCC_WARN_UNUSED_FUNCTION = YES;
				GCC_WARN_UNUSED_VARIABLE = YES;
				IPHONEOS_DEPLOYMENT_TARGET = 16.0;
				MTL_ENABLE_DEBUG_INFO = INCLUDE_SOURCE;
				MTL_FAST_MATH = YES;
				ONLY_ACTIVE_ARCH = YES;
				SDKROOT = iphoneos;
				SWIFT_ACTIVE_COMPILATION_CONDITIONS = DEBUG;
				SWIFT_OPTIMIZATION_LEVEL = "-Onone";
			};
			name = Debug;
		};
		D0BD586629112E2600E77EA2 /* Release */ = {
			isa = XCBuildConfiguration;
			buildSettings = {
				ALWAYS_SEARCH_USER_PATHS = NO;
				CLANG_ANALYZER_NONNULL = YES;
				CLANG_ANALYZER_NUMBER_OBJECT_CONVERSION = YES_AGGRESSIVE;
				CLANG_CXX_LANGUAGE_STANDARD = "gnu++20";
				CLANG_ENABLE_MODULES = YES;
				CLANG_ENABLE_OBJC_ARC = YES;
				CLANG_ENABLE_OBJC_WEAK = YES;
				CLANG_WARN_BLOCK_CAPTURE_AUTORELEASING = YES;
				CLANG_WARN_BOOL_CONVERSION = YES;
				CLANG_WARN_COMMA = YES;
				CLANG_WARN_CONSTANT_CONVERSION = YES;
				CLANG_WARN_DEPRECATED_OBJC_IMPLEMENTATIONS = YES;
				CLANG_WARN_DIRECT_OBJC_ISA_USAGE = YES_ERROR;
				CLANG_WARN_DOCUMENTATION_COMMENTS = YES;
				CLANG_WARN_EMPTY_BODY = YES;
				CLANG_WARN_ENUM_CONVERSION = YES;
				CLANG_WARN_INFINITE_RECURSION = YES;
				CLANG_WARN_INT_CONVERSION = YES;
				CLANG_WARN_NON_LITERAL_NULL_CONVERSION = YES;
				CLANG_WARN_OBJC_IMPLICIT_RETAIN_SELF = YES;
				CLANG_WARN_OBJC_LITERAL_CONVERSION = YES;
				CLANG_WARN_OBJC_ROOT_CLASS = YES_ERROR;
				CLANG_WARN_QUOTED_INCLUDE_IN_FRAMEWORK_HEADER = YES;
				CLANG_WARN_RANGE_LOOP_ANALYSIS = YES;
				CLANG_WARN_STRICT_PROTOTYPES = YES;
				CLANG_WARN_SUSPICIOUS_MOVE = YES;
				CLANG_WARN_UNGUARDED_AVAILABILITY = YES_AGGRESSIVE;
				CLANG_WARN_UNREACHABLE_CODE = YES;
				CLANG_WARN__DUPLICATE_METHOD_MATCH = YES;
				COPY_PHASE_STRIP = NO;
				DEBUG_INFORMATION_FORMAT = "dwarf-with-dsym";
				ENABLE_NS_ASSERTIONS = NO;
				ENABLE_STRICT_OBJC_MSGSEND = YES;
				GCC_C_LANGUAGE_STANDARD = gnu11;
				GCC_NO_COMMON_BLOCKS = YES;
				GCC_WARN_64_TO_32_BIT_CONVERSION = YES;
				GCC_WARN_ABOUT_RETURN_TYPE = YES_ERROR;
				GCC_WARN_UNDECLARED_SELECTOR = YES;
				GCC_WARN_UNINITIALIZED_AUTOS = YES_AGGRESSIVE;
				GCC_WARN_UNUSED_FUNCTION = YES;
				GCC_WARN_UNUSED_VARIABLE = YES;
				IPHONEOS_DEPLOYMENT_TARGET = 16.0;
				MTL_ENABLE_DEBUG_INFO = NO;
				MTL_FAST_MATH = YES;
				SDKROOT = iphoneos;
				SWIFT_COMPILATION_MODE = wholemodule;
				SWIFT_OPTIMIZATION_LEVEL = "-O";
				VALIDATE_PRODUCT = YES;
			};
			name = Release;
		};
		D0BD586829112E2600E77EA2 /* Debug */ = {
			isa = XCBuildConfiguration;
			buildSettings = {
				ASSETCATALOG_COMPILER_APPICON_NAME = AppIcon;
				ASSETCATALOG_COMPILER_GLOBAL_ACCENT_COLOR_NAME = AccentColor;
				CODE_SIGN_ENTITLEMENTS = "";
				CODE_SIGN_STYLE = Automatic;
				CURRENT_PROJECT_VERSION = 17;
				DEVELOPMENT_ASSET_PATHS = "\"Buzzz/Preview Content\"";
				DEVELOPMENT_TEAM = 535756UG9P;
				ENABLE_PREVIEWS = YES;
				GENERATE_INFOPLIST_FILE = YES;
				INFOPLIST_FILE = Buzzz/Info.plist;
				INFOPLIST_KEY_CFBundleDisplayName = "the buzzz";
				INFOPLIST_KEY_LSApplicationCategoryType = "public.app-category.music";
				INFOPLIST_KEY_UIApplicationSupportsIndirectInputEvents = YES;
				INFOPLIST_KEY_UILaunchStoryboardName = "Launch Screen.storyboar";
				INFOPLIST_KEY_UISupportedInterfaceOrientations = UIInterfaceOrientationPortrait;
				INFOPLIST_KEY_UISupportedInterfaceOrientations_iPad = "UIInterfaceOrientationLandscapeLeft UIInterfaceOrientationLandscapeRight UIInterfaceOrientationPortrait UIInterfaceOrientationPortraitUpsideDown";
				INFOPLIST_KEY_UIUserInterfaceStyle = Light;
				IPHONEOS_DEPLOYMENT_TARGET = 15.0;
				LD_RUNPATH_SEARCH_PATHS = (
					"$(inherited)",
					"@executable_path/Frameworks",
				);
				MARKETING_VERSION = 2.1.1;
				PRODUCT_BUNDLE_IDENTIFIER = com.iOSAPP.Buzzz;
				PRODUCT_NAME = "$(TARGET_NAME)";
				SWIFT_EMIT_LOC_STRINGS = YES;
				SWIFT_VERSION = 5.0;
				TARGETED_DEVICE_FAMILY = "1,2";
			};
			name = Debug;
		};
		D0BD586929112E2600E77EA2 /* Release */ = {
			isa = XCBuildConfiguration;
			buildSettings = {
				ASSETCATALOG_COMPILER_APPICON_NAME = AppIcon;
				ASSETCATALOG_COMPILER_GLOBAL_ACCENT_COLOR_NAME = AccentColor;
				CODE_SIGN_ENTITLEMENTS = "";
				CODE_SIGN_STYLE = Automatic;
				CURRENT_PROJECT_VERSION = 17;
				DEVELOPMENT_ASSET_PATHS = "\"Buzzz/Preview Content\"";
				DEVELOPMENT_TEAM = 535756UG9P;
				ENABLE_PREVIEWS = YES;
				GENERATE_INFOPLIST_FILE = YES;
				INFOPLIST_FILE = Buzzz/Info.plist;
				INFOPLIST_KEY_CFBundleDisplayName = "the buzzz";
				INFOPLIST_KEY_LSApplicationCategoryType = "public.app-category.music";
				INFOPLIST_KEY_UIApplicationSupportsIndirectInputEvents = YES;
				INFOPLIST_KEY_UILaunchStoryboardName = "Launch Screen.storyboar";
				INFOPLIST_KEY_UISupportedInterfaceOrientations = UIInterfaceOrientationPortrait;
				INFOPLIST_KEY_UISupportedInterfaceOrientations_iPad = "UIInterfaceOrientationLandscapeLeft UIInterfaceOrientationLandscapeRight UIInterfaceOrientationPortrait UIInterfaceOrientationPortraitUpsideDown";
				INFOPLIST_KEY_UIUserInterfaceStyle = Light;
				IPHONEOS_DEPLOYMENT_TARGET = 15.0;
				LD_RUNPATH_SEARCH_PATHS = (
					"$(inherited)",
					"@executable_path/Frameworks",
				);
				MARKETING_VERSION = 2.1.1;
				PRODUCT_BUNDLE_IDENTIFIER = com.iOSAPP.Buzzz;
				PRODUCT_NAME = "$(TARGET_NAME)";
				SWIFT_EMIT_LOC_STRINGS = YES;
				SWIFT_VERSION = 5.0;
				TARGETED_DEVICE_FAMILY = "1,2";
			};
			name = Release;
		};
/* End XCBuildConfiguration section */

/* Begin XCConfigurationList section */
		D08F909D291D408F000225C2 /* Build configuration list for PBXNativeTarget "BuzzzUITests" */ = {
			isa = XCConfigurationList;
			buildConfigurations = (
				D08F909B291D408F000225C2 /* Debug */,
				D08F909C291D408F000225C2 /* Release */,
			);
			defaultConfigurationIsVisible = 0;
			defaultConfigurationName = Release;
		};
		D0BD585429112E2400E77EA2 /* Build configuration list for PBXProject "Buzzz" */ = {
			isa = XCConfigurationList;
			buildConfigurations = (
				D0BD586529112E2600E77EA2 /* Debug */,
				D0BD586629112E2600E77EA2 /* Release */,
			);
			defaultConfigurationIsVisible = 0;
			defaultConfigurationName = Release;
		};
		D0BD586729112E2600E77EA2 /* Build configuration list for PBXNativeTarget "Buzzz" */ = {
			isa = XCConfigurationList;
			buildConfigurations = (
				D0BD586829112E2600E77EA2 /* Debug */,
				D0BD586929112E2600E77EA2 /* Release */,
			);
			defaultConfigurationIsVisible = 0;
			defaultConfigurationName = Release;
		};
/* End XCConfigurationList section */

/* Begin XCRemoteSwiftPackageReference section */
		D028B6332A51BA5900526A21 /* XCRemoteSwiftPackageReference "FRadioPlayer" */ = {
			isa = XCRemoteSwiftPackageReference;
			repositoryURL = "https://github.com/fethica/FRadioPlayer.git";
			requirement = {
				kind = upToNextMajorVersion;
				minimumVersion = 0.1.9;
			};
		};
		D0BD587329112F6200E77EA2 /* XCRemoteSwiftPackageReference "SDWebImageSwiftUI" */ = {
			isa = XCRemoteSwiftPackageReference;
			repositoryURL = "https://github.com/SDWebImage/SDWebImageSwiftUI.git";
			requirement = {
				branch = master;
				kind = branch;
			};
		};
/* End XCRemoteSwiftPackageReference section */

/* Begin XCSwiftPackageProductDependency section */
		D028B6342A51BA5900526A21 /* FRadioPlayer */ = {
			isa = XCSwiftPackageProductDependency;
			package = D028B6332A51BA5900526A21 /* XCRemoteSwiftPackageReference "FRadioPlayer" */;
			productName = FRadioPlayer;
		};
		D0BD587429112F6200E77EA2 /* SDWebImageSwiftUI */ = {
			isa = XCSwiftPackageProductDependency;
			package = D0BD587329112F6200E77EA2 /* XCRemoteSwiftPackageReference "SDWebImageSwiftUI" */;
			productName = SDWebImageSwiftUI;
		};
/* End XCSwiftPackageProductDependency section */
	};
	rootObject = D0BD585129112E2400E77EA2 /* Project object */;
}
